
Microsoft Visual Studio Solution File, Format Version 12.00
# Visual Studio Version 17
VisualStudioVersion = 17.9.34723.18
MinimumVisualStudioVersion = 10.0.40219.1
Project("{FAE04EC0-301F-11D3-BF4B-00C04F79EFBC}") = "HotelOrder", "HotelOrder\HotelOrder.csproj", "{671585D9-7E49-4E56-85F7-6C2B4D33CDBB}"
EndProject
Global
	GlobalSection(SolutionConfigurationPlatforms) = preSolution
		Debug|Any CPU = Debug|Any CPU
		Release|Any CPU = Release|Any CPU
	EndGlobalSection
	GlobalSection(ProjectConfigurationPlatforms) = postSolution
		{671585D9-7E49-4E56-85F7-6C2B4D33CDBB}.Debug|Any CPU.ActiveCfg = Debug|Any CPU
		{671585D9-7E49-4E56-85F7-6C2B4D33CDBB}.Debug|Any CPU.Build.0 = Debug|Any CPU
		{671585D9-7E49-4E56-85F7-6C2B4D33CDBB}.Release|Any CPU.ActiveCfg = Release|Any CPU
		{671585D9-7E49-4E56-85F7-6C2B4D33CDBB}.Release|Any CPU.Build.0 = Release|Any CPU
	EndGlobalSection
	GlobalSection(SolutionProperties) = preSolution
		HideSolutionNode = FALSE
	EndGlobalSection
	GlobalSection(ExtensibilityGlobals) = postSolution
		SolutionGuid = {F0237667-7978-41AC-B099-1F78819E509F}
	EndGlobalSection
EndGlobal
